
Microsoft Visual Studio Solution File, Format Version 12.00
# Visual Studio Version 17
VisualStudioVersion = 17.9.34728.123
MinimumVisualStudioVersion = 10.0.40219.1
Project("{FAE04EC0-301F-11D3-BF4B-00C04F79EFBC}") = "roupabox", "roupabox\roupabox.csproj", "{739A0B38-6578-4DC6-BFAB-24B193FEF73D}"
EndProject
Global
	GlobalSection(SolutionConfigurationPlatforms) = preSolution
		Debug|Any CPU = Debug|Any CPU
		Release|Any CPU = Release|Any CPU
	EndGlobalSection
	GlobalSection(ProjectConfigurationPlatforms) = postSolution
		{739A0B38-6578-4DC6-BFAB-24B193FEF73D}.Debug|Any CPU.ActiveCfg = Debug|Any CPU
		{739A0B38-6578-4DC6-BFAB-24B193FEF73D}.Debug|Any CPU.Build.0 = Debug|Any CPU
		{739A0B38-6578-4DC6-BFAB-24B193FEF73D}.Release|Any CPU.ActiveCfg = Release|Any CPU
		{739A0B38-6578-4DC6-BFAB-24B193FEF73D}.Release|Any CPU.Build.0 = Release|Any CPU
	EndGlobalSection
	GlobalSection(SolutionProperties) = preSolution
		HideSolutionNode = FALSE
	EndGlobalSection
	GlobalSection(ExtensibilityGlobals) = postSolution
		SolutionGuid = {58E5CD05-C09D-43AF-9309-D61EFBD26A85}
	EndGlobalSection
EndGlobal
